
Microsoft Visual Studio Solution File, Format Version 11.00
# Visual C++ Express 2010
Project("{8BC9CEB8-8B4A-11D0-8D11-00A0C91BC942}") = "firstDemo", "firstDemo.vcxproj", "{A73A3B33-1E0F-45F6-BCEC-B805D766CA1F}"
EndProject
Global
	GlobalSection(SolutionConfigurationPlatforms) = preSolution
		Debug|Win32 = Debug|Win32
		Release|Win32 = Release|Win32
	EndGlobalSection
	GlobalSection(ProjectConfigurationPlatforms) = postSolution
		{A73A3B33-1E0F-45F6-BCEC-B805D766CA1F}.Debug|Win32.ActiveCfg = Debug|Win32
		{A73A3B33-1E0F-45F6-BCEC-B805D766CA1F}.Debug|Win32.Build.0 = Debug|Win32
		{A73A3B33-1E0F-45F6-BCEC-B805D766CA1F}.Release|Win32.ActiveCfg = Release|Win32
		{A73A3B33-1E0F-45F6-BCEC-B805D766CA1F}.Release|Win32.Build.0 = Release|Win32
	EndGlobalSection
	GlobalSection(SolutionProperties) = preSolution
		HideSolutionNode = FALSE
	EndGlobalSection
EndGlobal
